// !$*UTF8*$!
{
	archiveVersion = 1;
	classes = {
	};
	objectVersion = 50;
	objects = {

/* Begin PBXBuildFile section */
		7D12537322ACB1E300C6F5D6 /* AppDelegate.m in Sources */ = {isa = PBXBuildFile; fileRef = 7D12537222ACB1E300C6F5D6 /* AppDelegate.m */; };
		7D12537622ACB1E300C6F5D6 /* ViewController.m in Sources */ = {isa = PBXBuildFile; fileRef = 7D12537522ACB1E300C6F5D6 /* ViewController.m */; };
		7D12537922ACB1E300C6F5D6 /* Main.storyboard in Resources */ = {isa = PBXBuildFile; fileRef = 7D12537722ACB1E300C6F5D6 /* Main.storyboard */; };
		7D12537B22ACB1E400C6F5D6 /* Assets.xcassets in Resources */ = {isa = PBXBuildFile; fileRef = 7D12537A22ACB1E400C6F5D6 /* Assets.xcassets */; };
		7D12537E22ACB1E400C6F5D6 /* LaunchScreen.storyboard in Resources */ = {isa = PBXBuildFile; fileRef = 7D12537C22ACB1E400C6F5D6 /* LaunchScreen.storyboard */; };
		7D12538122ACB1E400C6F5D6 /* main.m in Sources */ = {isa = PBXBuildFile; fileRef = 7D12538022ACB1E400C6F5D6 /* main.m */; };
		7D12538B22ACB1E400C6F5D6 /* PhotoEditorTests.m in Sources */ = {isa = PBXBuildFile; fileRef = 7D12538A22ACB1E400C6F5D6 /* PhotoEditorTests.m */; };
		7D12539622ACB1E400C6F5D6 /* PhotoEditorUITests.m in Sources */ = {isa = PBXBuildFile; fileRef = 7D12539522ACB1E400C6F5D6 /* PhotoEditorUITests.m */; };
		7D1253BE22ACB49D00C6F5D6 /* PathModel.m in Sources */ = {isa = PBXBuildFile; fileRef = 7D1253A522ACB49D00C6F5D6 /* PathModel.m */; };
		7D1253BF22ACB49D00C6F5D6 /* MosaicView.m in Sources */ = {isa = PBXBuildFile; fileRef = 7D1253A622ACB49D00C6F5D6 /* MosaicView.m */; };
		7D1253C022ACB49D00C6F5D6 /* EditCommand.m in Sources */ = {isa = PBXBuildFile; fileRef = 7D1253AA22ACB49D00C6F5D6 /* EditCommand.m */; };
		7D1253C122ACB49D00C6F5D6 /* EditReceiver.m in Sources */ = {isa = PBXBuildFile; fileRef = 7D1253AC22ACB49D00C6F5D6 /* EditReceiver.m */; };
		7D1253C222ACB49D00C6F5D6 /* EditInvoker.m in Sources */ = {isa = PBXBuildFile; fileRef = 7D1253AD22ACB49D00C6F5D6 /* EditInvoker.m */; };
		7D1253C322ACB49D00C6F5D6 /* MosaicPath.m in Sources */ = {isa = PBXBuildFile; fileRef = 7D1253AF22ACB49D00C6F5D6 /* MosaicPath.m */; };
		7D1253C422ACB49D00C6F5D6 /* PhotoEditorVC.m in Sources */ = {isa = PBXBuildFile; fileRef = 7D1253B322ACB49D00C6F5D6 /* PhotoEditorVC.m */; };
		7D1253C522ACB49D00C6F5D6 /* SnapModel.m in Sources */ = {isa = PBXBuildFile; fileRef = 7D1253B622ACB49D00C6F5D6 /* SnapModel.m */; };
		7D1253C622ACB49D00C6F5D6 /* SnapGridLayer.m in Sources */ = {isa = PBXBuildFile; fileRef = 7D1253B822ACB49D00C6F5D6 /* SnapGridLayer.m */; };
		7D1253C722ACB49D00C6F5D6 /* SnapBottomView.m in Sources */ = {isa = PBXBuildFile; fileRef = 7D1253B922ACB49D00C6F5D6 /* SnapBottomView.m */; };
		7D1253C822ACB49D00C6F5D6 /* SnapCornerView.m in Sources */ = {isa = PBXBuildFile; fileRef = 7D1253BB22ACB49D00C6F5D6 /* SnapCornerView.m */; };
		7D1253CB22ACB57500C6F5D6 /* EditorModel.m in Sources */ = {isa = PBXBuildFile; fileRef = 7D1253CA22ACB57500C6F5D6 /* EditorModel.m */; };
/* End PBXBuildFile section */

/* Begin PBXContainerItemProxy section */
		7D12538722ACB1E400C6F5D6 /* PBXContainerItemProxy */ = {
			isa = PBXContainerItemProxy;
			containerPortal = 7D12536622ACB1E300C6F5D6 /* Project object */;
			proxyType = 1;
			remoteGlobalIDString = 7D12536D22ACB1E300C6F5D6;
			remoteInfo = PhotoEditor;
		};
		7D12539222ACB1E400C6F5D6 /* PBXContainerItemProxy */ = {
			isa = PBXContainerItemProxy;
			containerPortal = 7D12536622ACB1E300C6F5D6 /* Project object */;
			proxyType = 1;
			remoteGlobalIDString = 7D12536D22ACB1E300C6F5D6;
			remoteInfo = PhotoEditor;
		};
/* End PBXContainerItemProxy section */

/* Begin PBXFileReference section */
		7D12536E22ACB1E300C6F5D6 /* PhotoEditor.app */ = {isa = PBXFileReference; explicitFileType = wrapper.application; includeInIndex = 0; path = PhotoEditor.app; sourceTree = BUILT_PRODUCTS_DIR; };
		7D12537122ACB1E300C6F5D6 /* AppDelegate.h */ = {isa = PBXFileReference; lastKnownFileType = sourcecode.c.h; path = AppDelegate.h; sourceTree = "<group>"; };
		7D12537222ACB1E300C6F5D6 /* AppDelegate.m */ = {isa = PBXFileReference; lastKnownFileType = sourcecode.c.objc; path = AppDelegate.m; sourceTree = "<group>"; };
		7D12537422ACB1E300C6F5D6 /* ViewController.h */ = {isa = PBXFileReference; lastKnownFileType = sourcecode.c.h; path = ViewController.h; sourceTree = "<group>"; };
		7D12537522ACB1E300C6F5D6 /* ViewController.m */ = {isa = PBXFileReference; lastKnownFileType = sourcecode.c.objc; path = ViewController.m; sourceTree = "<group>"; };
		7D12537822ACB1E300C6F5D6 /* Base */ = {isa = PBXFileReference; lastKnownFileType = file.storyboard; name = Base; path = Base.lproj/Main.storyboard; sourceTree = "<group>"; };
		7D12537A22ACB1E400C6F5D6 /* Assets.xcassets */ = {isa = PBXFileReference; lastKnownFileType = folder.assetcatalog; path = Assets.xcassets; sourceTree = "<group>"; };
		7D12537D22ACB1E400C6F5D6 /* Base */ = {isa = PBXFileReference; lastKnownFileType = file.storyboard; name = Base; path = Base.lproj/LaunchScreen.storyboard; sourceTree = "<group>"; };
		7D12537F22ACB1E400C6F5D6 /* Info.plist */ = {isa = PBXFileReference; lastKnownFileType = text.plist.xml; path = Info.plist; sourceTree = "<group>"; };
		7D12538022ACB1E400C6F5D6 /* main.m */ = {isa = PBXFileReference; lastKnownFileType = sourcecode.c.objc; path = main.m; sourceTree = "<group>"; };
		7D12538622ACB1E400C6F5D6 /* PhotoEditorTests.xctest */ = {isa = PBXFileReference; explicitFileType = wrapper.cfbundle; includeInIndex = 0; path = PhotoEditorTests.xctest; sourceTree = BUILT_PRODUCTS_DIR; };
		7D12538A22ACB1E400C6F5D6 /* PhotoEditorTests.m */ = {isa = PBXFileReference; lastKnownFileType = sourcecode.c.objc; path = PhotoEditorTests.m; sourceTree = "<group>"; };
		7D12538C22ACB1E400C6F5D6 /* Info.plist */ = {isa = PBXFileReference; lastKnownFileType = text.plist.xml; path = Info.plist; sourceTree = "<group>"; };
		7D12539122ACB1E400C6F5D6 /* PhotoEditorUITests.xctest */ = {isa = PBXFileReference; explicitFileType = wrapper.cfbundle; includeInIndex = 0; path = PhotoEditorUITests.xctest; sourceTree = BUILT_PRODUCTS_DIR; };
		7D12539522ACB1E400C6F5D6 /* PhotoEditorUITests.m */ = {isa = PBXFileReference; lastKnownFileType = sourcecode.c.objc; path = PhotoEditorUITests.m; sourceTree = "<group>"; };
		7D12539722ACB1E400C6F5D6 /* Info.plist */ = {isa = PBXFileReference; lastKnownFileType = text.plist.xml; path = Info.plist; sourceTree = "<group>"; };
		7D1253A522ACB49D00C6F5D6 /* PathModel.m */ = {isa = PBXFileReference; fileEncoding = 4; lastKnownFileType = sourcecode.c.objc; path = PathModel.m; sourceTree = "<group>"; };
		7D1253A622ACB49D00C6F5D6 /* MosaicView.m */ = {isa = PBXFileReference; fileEncoding = 4; lastKnownFileType = sourcecode.c.objc; path = MosaicView.m; sourceTree = "<group>"; };
		7D1253A822ACB49D00C6F5D6 /* EditReceiver.h */ = {isa = PBXFileReference; fileEncoding = 4; lastKnownFileType = sourcecode.c.h; path = EditReceiver.h; sourceTree = "<group>"; };
		7D1253A922ACB49D00C6F5D6 /* PhotoEditorProtocol.h */ = {isa = PBXFileReference; fileEncoding = 4; lastKnownFileType = sourcecode.c.h; path = PhotoEditorProtocol.h; sourceTree = "<group>"; };
		7D1253AA22ACB49D00C6F5D6 /* EditCommand.m */ = {isa = PBXFileReference; fileEncoding = 4; lastKnownFileType = sourcecode.c.objc; path = EditCommand.m; sourceTree = "<group>"; };
		7D1253AB22ACB49D00C6F5D6 /* EditInvoker.h */ = {isa = PBXFileReference; fileEncoding = 4; lastKnownFileType = sourcecode.c.h; path = EditInvoker.h; sourceTree = "<group>"; };
		7D1253AC22ACB49D00C6F5D6 /* EditReceiver.m */ = {isa = PBXFileReference; fileEncoding = 4; lastKnownFileType = sourcecode.c.objc; path = EditReceiver.m; sourceTree = "<group>"; };
		7D1253AD22ACB49D00C6F5D6 /* EditInvoker.m */ = {isa = PBXFileReference; fileEncoding = 4; lastKnownFileType = sourcecode.c.objc; path = EditInvoker.m; sourceTree = "<group>"; };
		7D1253AE22ACB49D00C6F5D6 /* EditCommand.h */ = {isa = PBXFileReference; fileEncoding = 4; lastKnownFileType = sourcecode.c.h; path = EditCommand.h; sourceTree = "<group>"; };
		7D1253AF22ACB49D00C6F5D6 /* MosaicPath.m */ = {isa = PBXFileReference; fileEncoding = 4; lastKnownFileType = sourcecode.c.objc; path = MosaicPath.m; sourceTree = "<group>"; };
		7D1253B022ACB49D00C6F5D6 /* MosaicView.h */ = {isa = PBXFileReference; fileEncoding = 4; lastKnownFileType = sourcecode.c.h; path = MosaicView.h; sourceTree = "<group>"; };
		7D1253B122ACB49D00C6F5D6 /* PathModel.h */ = {isa = PBXFileReference; fileEncoding = 4; lastKnownFileType = sourcecode.c.h; path = PathModel.h; sourceTree = "<group>"; };
		7D1253B222ACB49D00C6F5D6 /* MosaicPath.h */ = {isa = PBXFileReference; fileEncoding = 4; lastKnownFileType = sourcecode.c.h; path = MosaicPath.h; sourceTree = "<group>"; };
		7D1253B322ACB49D00C6F5D6 /* PhotoEditorVC.m */ = {isa = PBXFileReference; fileEncoding = 4; lastKnownFileType = sourcecode.c.objc; path = PhotoEditorVC.m; sourceTree = "<group>"; };
		7D1253B522ACB49D00C6F5D6 /* SnapCornerView.h */ = {isa = PBXFileReference; fileEncoding = 4; lastKnownFileType = sourcecode.c.h; path = SnapCornerView.h; sourceTree = "<group>"; };
		7D1253B622ACB49D00C6F5D6 /* SnapModel.m */ = {isa = PBXFileReference; fileEncoding = 4; lastKnownFileType = sourcecode.c.objc; path = SnapModel.m; sourceTree = "<group>"; };
		7D1253B722ACB49D00C6F5D6 /* SnapBottomView.h */ = {isa = PBXFileReference; fileEncoding = 4; lastKnownFileType = sourcecode.c.h; path = SnapBottomView.h; sourceTree = "<group>"; };
		7D1253B822ACB49D00C6F5D6 /* SnapGridLayer.m */ = {isa = PBXFileReference; fileEncoding = 4; lastKnownFileType = sourcecode.c.objc; path = SnapGridLayer.m; sourceTree = "<group>"; };
		7D1253B922ACB49D00C6F5D6 /* SnapBottomView.m */ = {isa = PBXFileReference; fileEncoding = 4; lastKnownFileType = sourcecode.c.objc; path = SnapBottomView.m; sourceTree = "<group>"; };
		7D1253BA22ACB49D00C6F5D6 /* SnapModel.h */ = {isa = PBXFileReference; fileEncoding = 4; lastKnownFileType = sourcecode.c.h; path = SnapModel.h; sourceTree = "<group>"; };
		7D1253BB22ACB49D00C6F5D6 /* SnapCornerView.m */ = {isa = PBXFileReference; fileEncoding = 4; lastKnownFileType = sourcecode.c.objc; path = SnapCornerView.m; sourceTree = "<group>"; };
		7D1253BC22ACB49D00C6F5D6 /* SnapGridLayer.h */ = {isa = PBXFileReference; fileEncoding = 4; lastKnownFileType = sourcecode.c.h; path = SnapGridLayer.h; sourceTree = "<group>"; };
		7D1253BD22ACB49D00C6F5D6 /* PhotoEditorVC.h */ = {isa = PBXFileReference; fileEncoding = 4; lastKnownFileType = sourcecode.c.h; path = PhotoEditorVC.h; sourceTree = "<group>"; };
		7D1253C922ACB57500C6F5D6 /* EditorModel.h */ = {isa = PBXFileReference; lastKnownFileType = sourcecode.c.h; path = EditorModel.h; sourceTree = "<group>"; };
		7D1253CA22ACB57500C6F5D6 /* EditorModel.m */ = {isa = PBXFileReference; lastKnownFileType = sourcecode.c.objc; path = EditorModel.m; sourceTree = "<group>"; };
/* End PBXFileReference section */

/* Begin PBXFrameworksBuildPhase section */
		7D12536B22ACB1E300C6F5D6 /* Frameworks */ = {
			isa = PBXFrameworksBuildPhase;
			buildActionMask = 2147483647;
			files = (
			);
			runOnlyForDeploymentPostprocessing = 0;
		};
		7D12538322ACB1E400C6F5D6 /* Frameworks */ = {
			isa = PBXFrameworksBuildPhase;
			buildActionMask = 2147483647;
			files = (
			);
			runOnlyForDeploymentPostprocessing = 0;
		};
		7D12538E22ACB1E400C6F5D6 /* Frameworks */ = {
			isa = PBXFrameworksBuildPhase;
			buildActionMask = 2147483647;
			files = (
			);
			runOnlyForDeploymentPostprocessing = 0;
		};
/* End PBXFrameworksBuildPhase section */

/* Begin PBXGroup section */
		7D12536522ACB1E300C6F5D6 = {
			isa = PBXGroup;
			children = (
				7D12537022ACB1E300C6F5D6 /* PhotoEditor */,
				7D12538922ACB1E400C6F5D6 /* PhotoEditorTests */,
				7D12539422ACB1E400C6F5D6 /* PhotoEditorUITests */,
				7D12536F22ACB1E300C6F5D6 /* Products */,
			);
			sourceTree = "<group>";
		};
		7D12536F22ACB1E300C6F5D6 /* Products */ = {
			isa = PBXGroup;
			children = (
				7D12536E22ACB1E300C6F5D6 /* PhotoEditor.app */,
				7D12538622ACB1E400C6F5D6 /* PhotoEditorTests.xctest */,
				7D12539122ACB1E400C6F5D6 /* PhotoEditorUITests.xctest */,
			);
			name = Products;
			sourceTree = "<group>";
		};
		7D12537022ACB1E300C6F5D6 /* PhotoEditor */ = {
			isa = PBXGroup;
			children = (
				7D12537122ACB1E300C6F5D6 /* AppDelegate.h */,
				7D12537222ACB1E300C6F5D6 /* AppDelegate.m */,
				7D12537422ACB1E300C6F5D6 /* ViewController.h */,
				7D12537522ACB1E300C6F5D6 /* ViewController.m */,
				7D12537722ACB1E300C6F5D6 /* Main.storyboard */,
				7D1253A322ACB49D00C6F5D6 /* PhotoEditor */,
				7D12537A22ACB1E400C6F5D6 /* Assets.xcassets */,
				7D12537C22ACB1E400C6F5D6 /* LaunchScreen.storyboard */,
				7D12537F22ACB1E400C6F5D6 /* Info.plist */,
				7D12538022ACB1E400C6F5D6 /* main.m */,
			);
			path = PhotoEditor;
			sourceTree = "<group>";
		};
		7D12538922ACB1E400C6F5D6 /* PhotoEditorTests */ = {
			isa = PBXGroup;
			children = (
				7D12538A22ACB1E400C6F5D6 /* PhotoEditorTests.m */,
				7D12538C22ACB1E400C6F5D6 /* Info.plist */,
			);
			path = PhotoEditorTests;
			sourceTree = "<group>";
		};
		7D12539422ACB1E400C6F5D6 /* PhotoEditorUITests */ = {
			isa = PBXGroup;
			children = (
				7D12539522ACB1E400C6F5D6 /* PhotoEditorUITests.m */,
				7D12539722ACB1E400C6F5D6 /* Info.plist */,
			);
			path = PhotoEditorUITests;
			sourceTree = "<group>";
		};
		7D1253A322ACB49D00C6F5D6 /* PhotoEditor */ = {
			isa = PBXGroup;
			children = (
				7D1253BD22ACB49D00C6F5D6 /* PhotoEditorVC.h */,
				7D1253B322ACB49D00C6F5D6 /* PhotoEditorVC.m */,
				7D1253C922ACB57500C6F5D6 /* EditorModel.h */,
				7D1253CA22ACB57500C6F5D6 /* EditorModel.m */,
				7D1253A422ACB49D00C6F5D6 /* Mosaic */,
				7D1253B422ACB49D00C6F5D6 /* Snap */,
			);
			path = PhotoEditor;
			sourceTree = "<group>";
		};
		7D1253A422ACB49D00C6F5D6 /* Mosaic */ = {
			isa = PBXGroup;
			children = (
				7D1253A522ACB49D00C6F5D6 /* PathModel.m */,
				7D1253A622ACB49D00C6F5D6 /* MosaicView.m */,
				7D1253A722ACB49D00C6F5D6 /* EditCommand */,
				7D1253AF22ACB49D00C6F5D6 /* MosaicPath.m */,
				7D1253B022ACB49D00C6F5D6 /* MosaicView.h */,
				7D1253B122ACB49D00C6F5D6 /* PathModel.h */,
				7D1253B222ACB49D00C6F5D6 /* MosaicPath.h */,
			);
			path = Mosaic;
			sourceTree = "<group>";
		};
		7D1253A722ACB49D00C6F5D6 /* EditCommand */ = {
			isa = PBXGroup;
			children = (
				7D1253A822ACB49D00C6F5D6 /* EditReceiver.h */,
				7D1253A922ACB49D00C6F5D6 /* PhotoEditorProtocol.h */,
				7D1253AA22ACB49D00C6F5D6 /* EditCommand.m */,
				7D1253AB22ACB49D00C6F5D6 /* EditInvoker.h */,
				7D1253AC22ACB49D00C6F5D6 /* EditReceiver.m */,
				7D1253AD22ACB49D00C6F5D6 /* EditInvoker.m */,
				7D1253AE22ACB49D00C6F5D6 /* EditCommand.h */,
			);
			path = EditCommand;
			sourceTree = "<group>";
		};
		7D1253B422ACB49D00C6F5D6 /* Snap */ = {
			isa = PBXGroup;
			children = (
				7D1253B522ACB49D00C6F5D6 /* SnapCornerView.h */,
				7D1253B622ACB49D00C6F5D6 /* SnapModel.m */,
				7D1253B722ACB49D00C6F5D6 /* SnapBottomView.h */,
				7D1253B822ACB49D00C6F5D6 /* SnapGridLayer.m */,
				7D1253B922ACB49D00C6F5D6 /* SnapBottomView.m */,
				7D1253BA22ACB49D00C6F5D6 /* SnapModel.h */,
				7D1253BB22ACB49D00C6F5D6 /* SnapCornerView.m */,
				7D1253BC22ACB49D00C6F5D6 /* SnapGridLayer.h */,
			);
			path = Snap;
			sourceTree = "<group>";
		};
/* End PBXGroup section */

/* Begin PBXNativeTarget section */
		7D12536D22ACB1E300C6F5D6 /* PhotoEditor */ = {
			isa = PBXNativeTarget;
			buildConfigurationList = 7D12539A22ACB1E400C6F5D6 /* Build configuration list for PBXNativeTarget "PhotoEditor" */;
			buildPhases = (
				7D12536A22ACB1E300C6F5D6 /* Sources */,
				7D12536B22ACB1E300C6F5D6 /* Frameworks */,
				7D12536C22ACB1E300C6F5D6 /* Resources */,
			);
			buildRules = (
			);
			dependencies = (
			);
			name = PhotoEditor;
			productName = PhotoEditor;
			productReference = 7D12536E22ACB1E300C6F5D6 /* PhotoEditor.app */;
			productType = "com.apple.product-type.application";
		};
		7D12538522ACB1E400C6F5D6 /* PhotoEditorTests */ = {
			isa = PBXNativeTarget;
			buildConfigurationList = 7D12539D22ACB1E400C6F5D6 /* Build configuration list for PBXNativeTarget "PhotoEditorTests" */;
			buildPhases = (
				7D12538222ACB1E400C6F5D6 /* Sources */,
				7D12538322ACB1E400C6F5D6 /* Frameworks */,
				7D12538422ACB1E400C6F5D6 /* Resources */,
			);
			buildRules = (
			);
			dependencies = (
				7D12538822ACB1E400C6F5D6 /* PBXTargetDependency */,
			);
			name = PhotoEditorTests;
			productName = PhotoEditorTests;
			productReference = 7D12538622ACB1E400C6F5D6 /* PhotoEditorTests.xctest */;
			productType = "com.apple.product-type.bundle.unit-test";
		};
		7D12539022ACB1E400C6F5D6 /* PhotoEditorUITests */ = {
			isa = PBXNativeTarget;
			buildConfigurationList = 7D1253A022ACB1E400C6F5D6 /* Build configuration list for PBXNativeTarget "PhotoEditorUITests" */;
			buildPhases = (
				7D12538D22ACB1E400C6F5D6 /* Sources */,
				7D12538E22ACB1E400C6F5D6 /* Frameworks */,
				7D12538F22ACB1E400C6F5D6 /* Resources */,
			);
			buildRules = (
			);
			dependencies = (
				7D12539322ACB1E400C6F5D6 /* PBXTargetDependency */,
			);
			name = PhotoEditorUITests;
			productName = PhotoEditorUITests;
			productReference = 7D12539122ACB1E400C6F5D6 /* PhotoEditorUITests.xctest */;
			productType = "com.apple.product-type.bundle.ui-testing";
		};
/* End PBXNativeTarget section */

/* Begin PBXProject section */
		7D12536622ACB1E300C6F5D6 /* Project object */ = {
			isa = PBXProject;
			attributes = {
				LastUpgradeCheck = 1020;
				ORGANIZATIONNAME = kkmm;
				TargetAttributes = {
					7D12536D22ACB1E300C6F5D6 = {
						CreatedOnToolsVersion = 10.2.1;
					};
					7D12538522ACB1E400C6F5D6 = {
						CreatedOnToolsVersion = 10.2.1;
						TestTargetID = 7D12536D22ACB1E300C6F5D6;
					};
					7D12539022ACB1E400C6F5D6 = {
						CreatedOnToolsVersion = 10.2.1;
						TestTargetID = 7D12536D22ACB1E300C6F5D6;
					};
				};
			};
			buildConfigurationList = 7D12536922ACB1E300C6F5D6 /* Build configuration list for PBXProject "PhotoEditor" */;
			compatibilityVersion = "Xcode 9.3";
			developmentRegion = en;
			hasScannedForEncodings = 0;
			knownRegions = (
				en,
				Base,
			);
			mainGroup = 7D12536522ACB1E300C6F5D6;
			productRefGroup = 7D12536F22ACB1E300C6F5D6 /* Products */;
			projectDirPath = "";
			projectRoot = "";
			targets = (
				7D12536D22ACB1E300C6F5D6 /* PhotoEditor */,
				7D12538522ACB1E400C6F5D6 /* PhotoEditorTests */,
				7D12539022ACB1E400C6F5D6 /* PhotoEditorUITests */,
			);
		};
/* End PBXProject section */

/* Begin PBXResourcesBuildPhase section */
		7D12536C22ACB1E300C6F5D6 /* Resources */ = {
			isa = PBXResourcesBuildPhase;
			buildActionMask = 2147483647;
			files = (
				7D12537E22ACB1E400C6F5D6 /* LaunchScreen.storyboard in Resources */,
				7D12537B22ACB1E400C6F5D6 /* Assets.xcassets in Resources */,
				7D12537922ACB1E300C6F5D6 /* Main.storyboard in Resources */,
			);
			runOnlyForDeploymentPostprocessing = 0;
		};
		7D12538422ACB1E400C6F5D6 /* Resources */ = {
			isa = PBXResourcesBuildPhase;
			buildActionMask = 2147483647;
			files = (
			);
			runOnlyForDeploymentPostprocessing = 0;
		};
		7D12538F22ACB1E400C6F5D6 /* Resources */ = {
			isa = PBXResourcesBuildPhase;
			buildActionMask = 2147483647;
			files = (
			);
			runOnlyForDeploymentPostprocessing = 0;
		};
/* End PBXResourcesBuildPhase section */

/* Begin PBXSourcesBuildPhase section */
		7D12536A22ACB1E300C6F5D6 /* Sources */ = {
			isa = PBXSourcesBuildPhase;
			buildActionMask = 2147483647;
			files = (
				7D1253BE22ACB49D00C6F5D6 /* PathModel.m in Sources */,
				7D1253C022ACB49D00C6F5D6 /* EditCommand.m in Sources */,
				7D1253C422ACB49D00C6F5D6 /* PhotoEditorVC.m in Sources */,
				7D12537622ACB1E300C6F5D6 /* ViewController.m in Sources */,
				7D12538122ACB1E400C6F5D6 /* main.m in Sources */,
				7D1253CB22ACB57500C6F5D6 /* EditorModel.m in Sources */,
				7D1253C222ACB49D00C6F5D6 /* EditInvoker.m in Sources */,
				7D12537322ACB1E300C6F5D6 /* AppDelegate.m in Sources */,
				7D1253BF22ACB49D00C6F5D6 /* MosaicView.m in Sources */,
				7D1253C722ACB49D00C6F5D6 /* SnapBottomView.m in Sources */,
				7D1253C522ACB49D00C6F5D6 /* SnapModel.m in Sources */,
				7D1253C322ACB49D00C6F5D6 /* MosaicPath.m in Sources */,
				7D1253C122ACB49D00C6F5D6 /* EditReceiver.m in Sources */,
				7D1253C622ACB49D00C6F5D6 /* SnapGridLayer.m in Sources */,
				7D1253C822ACB49D00C6F5D6 /* SnapCornerView.m in Sources */,
			);
			runOnlyForDeploymentPostprocessing = 0;
		};
		7D12538222ACB1E400C6F5D6 /* Sources */ = {
			isa = PBXSourcesBuildPhase;
			buildActionMask = 2147483647;
			files = (
				7D12538B22ACB1E400C6F5D6 /* PhotoEditorTests.m in Sources */,
			);
			runOnlyForDeploymentPostprocessing = 0;
		};
		7D12538D22ACB1E400C6F5D6 /* Sources */ = {
			isa = PBXSourcesBuildPhase;
			buildActionMask = 2147483647;
			files = (
				7D12539622ACB1E400C6F5D6 /* PhotoEditorUITests.m in Sources */,
			);
			runOnlyForDeploymentPostprocessing = 0;
		};
/* End PBXSourcesBuildPhase section */

/* Begin PBXTargetDependency section */
		7D12538822ACB1E400C6F5D6 /* PBXTargetDependency */ = {
			isa = PBXTargetDependency;
			target = 7D12536D22ACB1E300C6F5D6 /* PhotoEditor */;
			targetProxy = 7D12538722ACB1E400C6F5D6 /* PBXContainerItemProxy */;
		};
		7D12539322ACB1E400C6F5D6 /* PBXTargetDependency */ = {
			isa = PBXTargetDependency;
			target = 7D12536D22ACB1E300C6F5D6 /* PhotoEditor */;
			targetProxy = 7D12539222ACB1E400C6F5D6 /* PBXContainerItemProxy */;
		};
/* End PBXTargetDependency section */

/* Begin PBXVariantGroup section */
		7D12537722ACB1E300C6F5D6 /* Main.storyboard */ = {
			isa = PBXVariantGroup;
			children = (
				7D12537822ACB1E300C6F5D6 /* Base */,
			);
			name = Main.storyboard;
			sourceTree = "<group>";
		};
		7D12537C22ACB1E400C6F5D6 /* LaunchScreen.storyboard */ = {
			isa = PBXVariantGroup;
			children = (
				7D12537D22ACB1E400C6F5D6 /* Base */,
			);
			name = LaunchScreen.storyboard;
			sourceTree = "<group>";
		};
/* End PBXVariantGroup section */

/* Begin XCBuildConfiguration section */
		7D12539822ACB1E400C6F5D6 /* Debug */ = {
			isa = XCBuildConfiguration;
			buildSettings = {
				ALWAYS_SEARCH_USER_PATHS = NO;
				CLANG_ANALYZER_NONNULL = YES;
				CLANG_ANALYZER_NUMBER_OBJECT_CONVERSION = YES_AGGRESSIVE;
				CLANG_CXX_LANGUAGE_STANDARD = "gnu++14";
				CLANG_CXX_LIBRARY = "libc++";
				CLANG_ENABLE_MODULES = YES;
				CLANG_ENABLE_OBJC_ARC = YES;
				CLANG_ENABLE_OBJC_WEAK = YES;
				CLANG_WARN_BLOCK_CAPTURE_AUTORELEASING = YES;
				CLANG_WARN_BOOL_CONVERSION = YES;
				CLANG_WARN_COMMA = YES;
				CLANG_WARN_CONSTANT_CONVERSION = YES;
				CLANG_WARN_DEPRECATED_OBJC_IMPLEMENTATIONS = YES;
				CLANG_WARN_DIRECT_OBJC_ISA_USAGE = YES_ERROR;
				CLANG_WARN_DOCUMENTATION_COMMENTS = YES;
				CLANG_WARN_EMPTY_BODY = YES;
				CLANG_WARN_ENUM_CONVERSION = YES;
				CLANG_WARN_INFINITE_RECURSION = YES;
				CLANG_WARN_INT_CONVERSION = YES;
				CLANG_WARN_NON_LITERAL_NULL_CONVERSION = YES;
				CLANG_WARN_OBJC_IMPLICIT_RETAIN_SELF = YES;
				CLANG_WARN_OBJC_LITERAL_CONVERSION = YES;
				CLANG_WARN_OBJC_ROOT_CLASS = YES_ERROR;
				CLANG_WARN_RANGE_LOOP_ANALYSIS = YES;
				CLANG_WARN_STRICT_PROTOTYPES = YES;
				CLANG_WARN_SUSPICIOUS_MOVE = YES;
				CLANG_WARN_UNGUARDED_AVAILABILITY = YES_AGGRESSIVE;
				CLANG_WARN_UNREACHABLE_CODE = YES;
				CLANG_WARN__DUPLICATE_METHOD_MATCH = YES;
				CODE_SIGN_IDENTITY = "iPhone Developer";
				COPY_PHASE_STRIP = NO;
				DEBUG_INFORMATION_FORMAT = dwarf;
				ENABLE_STRICT_OBJC_MSGSEND = YES;
				ENABLE_TESTABILITY = YES;
				GCC_C_LANGUAGE_STANDARD = gnu11;
				GCC_DYNAMIC_NO_PIC = NO;
				GCC_NO_COMMON_BLOCKS = YES;
				GCC_OPTIMIZATION_LEVEL = 0;
				GCC_PREPROCESSOR_DEFINITIONS = (
					"DEBUG=1",
					"$(inherited)",
				);
				GCC_WARN_64_TO_32_BIT_CONVERSION = YES;
				GCC_WARN_ABOUT_RETURN_TYPE = YES_ERROR;
				GCC_WARN_UNDECLARED_SELECTOR = YES;
				GCC_WARN_UNINITIALIZED_AUTOS = YES_AGGRESSIVE;
				GCC_WARN_UNUSED_FUNCTION = YES;
				GCC_WARN_UNUSED_VARIABLE = YES;
				IPHONEOS_DEPLOYMENT_TARGET = 12.2;
				MTL_ENABLE_DEBUG_INFO = INCLUDE_SOURCE;
				MTL_FAST_MATH = YES;
				ONLY_ACTIVE_ARCH = YES;
				SDKROOT = iphoneos;
			};
			name = Debug;
		};
		7D12539922ACB1E400C6F5D6 /* Release */ = {
			isa = XCBuildConfiguration;
			buildSettings = {
				ALWAYS_SEARCH_USER_PATHS = NO;
				CLANG_ANALYZER_NONNULL = YES;
				CLANG_ANALYZER_NUMBER_OBJECT_CONVERSION = YES_AGGRESSIVE;
				CLANG_CXX_LANGUAGE_STANDARD = "gnu++14";
				CLANG_CXX_LIBRARY = "libc++";
				CLANG_ENABLE_MODULES = YES;
				CLANG_ENABLE_OBJC_ARC = YES;
				CLANG_ENABLE_OBJC_WEAK = YES;
				CLANG_WARN_BLOCK_CAPTURE_AUTORELEASING = YES;
				CLANG_WARN_BOOL_CONVERSION = YES;
				CLANG_WARN_COMMA = YES;
				CLANG_WARN_CONSTANT_CONVERSION = YES;
				CLANG_WARN_DEPRECATED_OBJC_IMPLEMENTATIONS = YES;
				CLANG_WARN_DIRECT_OBJC_ISA_USAGE = YES_ERROR;
				CLANG_WARN_DOCUMENTATION_COMMENTS = YES;
				CLANG_WARN_EMPTY_BODY = YES;
				CLANG_WARN_ENUM_CONVERSION = YES;
				CLANG_WARN_INFINITE_RECURSION = YES;
				CLANG_WARN_INT_CONVERSION = YES;
				CLANG_WARN_NON_LITERAL_NULL_CONVERSION = YES;
				CLANG_WARN_OBJC_IMPLICIT_RETAIN_SELF = YES;
				CLANG_WARN_OBJC_LITERAL_CONVERSION = YES;
				CLANG_WARN_OBJC_ROOT_CLASS = YES_ERROR;
				CLANG_WARN_RANGE_LOOP_ANALYSIS = YES;
				CLANG_WARN_STRICT_PROTOTYPES = YES;
				CLANG_WARN_SUSPICIOUS_MOVE = YES;
				CLANG_WARN_UNGUARDED_AVAILABILITY = YES_AGGRESSIVE;
				CLANG_WARN_UNREACHABLE_CODE = YES;
				CLANG_WARN__DUPLICATE_METHOD_MATCH = YES;
				CODE_SIGN_IDENTITY = "iPhone Developer";
				COPY_PHASE_STRIP = NO;
				DEBUG_INFORMATION_FORMAT = "dwarf-with-dsym";
				ENABLE_NS_ASSERTIONS = NO;
				ENABLE_STRICT_OBJC_MSGSEND = YES;
				GCC_C_LANGUAGE_STANDARD = gnu11;
				GCC_NO_COMMON_BLOCKS = YES;
				GCC_WARN_64_TO_32_BIT_CONVERSION = YES;
				GCC_WARN_ABOUT_RETURN_TYPE = YES_ERROR;
				GCC_WARN_UNDECLARED_SELECTOR = YES;
				GCC_WARN_UNINITIALIZED_AUTOS = YES_AGGRESSIVE;
				GCC_WARN_UNUSED_FUNCTION = YES;
				GCC_WARN_UNUSED_VARIABLE = YES;
				IPHONEOS_DEPLOYMENT_TARGET = 12.2;
				MTL_ENABLE_DEBUG_INFO = NO;
				MTL_FAST_MATH = YES;
				SDKROOT = iphoneos;
				VALIDATE_PRODUCT = YES;
			};
			name = Release;
		};
		7D12539B22ACB1E400C6F5D6 /* Debug */ = {
			isa = XCBuildConfiguration;
			buildSettings = {
				ASSETCATALOG_COMPILER_APPICON_NAME = AppIcon;
				CODE_SIGN_STYLE = Automatic;
				DEVELOPMENT_TEAM = E9SCBD8ZRE;
				INFOPLIST_FILE = PhotoEditor/Info.plist;
				LD_RUNPATH_SEARCH_PATHS = (
					"$(inherited)",
					"@executable_path/Frameworks",
				);
				PRODUCT_BUNDLE_IDENTIFIER = kkmm.PhotoEditor;
				PRODUCT_NAME = "$(TARGET_NAME)";
				TARGETED_DEVICE_FAMILY = "1,2";
			};
			name = Debug;
		};
		7D12539C22ACB1E400C6F5D6 /* Release */ = {
			isa = XCBuildConfiguration;
			buildSettings = {
				ASSETCATALOG_COMPILER_APPICON_NAME = AppIcon;
				CODE_SIGN_STYLE = Automatic;
				DEVELOPMENT_TEAM = E9SCBD8ZRE;
				INFOPLIST_FILE = PhotoEditor/Info.plist;
				LD_RUNPATH_SEARCH_PATHS = (
					"$(inherited)",
					"@executable_path/Frameworks",
				);
				PRODUCT_BUNDLE_IDENTIFIER = kkmm.PhotoEditor;
				PRODUCT_NAME = "$(TARGET_NAME)";
				TARGETED_DEVICE_FAMILY = "1,2";
			};
			name = Release;
		};
		7D12539E22ACB1E400C6F5D6 /* Debug */ = {
			isa = XCBuildConfiguration;
			buildSettings = {
				BUNDLE_LOADER = "$(TEST_HOST)";
				CODE_SIGN_STYLE = Automatic;
				DEVELOPMENT_TEAM = E9SCBD8ZRE;
				INFOPLIST_FILE = PhotoEditorTests/Info.plist;
				LD_RUNPATH_SEARCH_PATHS = (
					"$(inherited)",
					"@executable_path/Frameworks",
					"@loader_path/Frameworks",
				);
				PRODUCT_BUNDLE_IDENTIFIER = kkmm.PhotoEditorTests;
				PRODUCT_NAME = "$(TARGET_NAME)";
				TARGETED_DEVICE_FAMILY = "1,2";
				TEST_HOST = "$(BUILT_PRODUCTS_DIR)/PhotoEditor.app/PhotoEditor";
			};
			name = Debug;
		};
		7D12539F22ACB1E400C6F5D6 /* Release */ = {
			isa = XCBuildConfiguration;
			buildSettings = {
				BUNDLE_LOADER = "$(TEST_HOST)";
				CODE_SIGN_STYLE = Automatic;
				DEVELOPMENT_TEAM = E9SCBD8ZRE;
				INFOPLIST_FILE = PhotoEditorTests/Info.plist;
				LD_RUNPATH_SEARCH_PATHS = (
					"$(inherited)",
					"@executable_path/Frameworks",
					"@loader_path/Frameworks",
				);
				PRODUCT_BUNDLE_IDENTIFIER = kkmm.PhotoEditorTests;
				PRODUCT_NAME = "$(TARGET_NAME)";
				TARGETED_DEVICE_FAMILY = "1,2";
				TEST_HOST = "$(BUILT_PRODUCTS_DIR)/PhotoEditor.app/PhotoEditor";
			};
			name = Release;
		};
		7D1253A122ACB1E400C6F5D6 /* Debug */ = {
			isa = XCBuildConfiguration;
			buildSettings = {
				CODE_SIGN_STYLE = Automatic;
				DEVELOPMENT_TEAM = E9SCBD8ZRE;
				INFOPLIST_FILE = PhotoEditorUITests/Info.plist;
				LD_RUNPATH_SEARCH_PATHS = (
					"$(inherited)",
					"@executable_path/Frameworks",
					"@loader_path/Frameworks",
				);
				PRODUCT_BUNDLE_IDENTIFIER = kkmm.PhotoEditorUITests;
				PRODUCT_NAME = "$(TARGET_NAME)";
				TARGETED_DEVICE_FAMILY = "1,2";
				TEST_TARGET_NAME = PhotoEditor;
			};
			name = Debug;
		};
		7D1253A222ACB1E400C6F5D6 /* Release */ = {
			isa = XCBuildConfiguration;
			buildSettings = {
				CODE_SIGN_STYLE = Automatic;
				DEVELOPMENT_TEAM = E9SCBD8ZRE;
				INFOPLIST_FILE = PhotoEditorUITests/Info.plist;
				LD_RUNPATH_SEARCH_PATHS = (
					"$(inherited)",
					"@executable_path/Frameworks",
					"@loader_path/Frameworks",
				);
				PRODUCT_BUNDLE_IDENTIFIER = kkmm.PhotoEditorUITests;
				PRODUCT_NAME = "$(TARGET_NAME)";
				TARGETED_DEVICE_FAMILY = "1,2";
				TEST_TARGET_NAME = PhotoEditor;
			};
			name = Release;
		};
/* End XCBuildConfiguration section */

/* Begin XCConfigurationList section */
		7D12536922ACB1E300C6F5D6 /* Build configuration list for PBXProject "PhotoEditor" */ = {
			isa = XCConfigurationList;
			buildConfigurations = (
				7D12539822ACB1E400C6F5D6 /* Debug */,
				7D12539922ACB1E400C6F5D6 /* Release */,
			);
			defaultConfigurationIsVisible = 0;
			defaultConfigurationName = Release;
		};
		7D12539A22ACB1E400C6F5D6 /* Build configuration list for PBXNativeTarget "PhotoEditor" */ = {
			isa = XCConfigurationList;
			buildConfigurations = (
				7D12539B22ACB1E400C6F5D6 /* Debug */,
				7D12539C22ACB1E400C6F5D6 /* Release */,
			);
			defaultConfigurationIsVisible = 0;
			defaultConfigurationName = Release;
		};
		7D12539D22ACB1E400C6F5D6 /* Build configuration list for PBXNativeTarget "PhotoEditorTests" */ = {
			isa = XCConfigurationList;
			buildConfigurations = (
				7D12539E22ACB1E400C6F5D6 /* Debug */,
				7D12539F22ACB1E400C6F5D6 /* Release */,
			);
			defaultConfigurationIsVisible = 0;
			defaultConfigurationName = Release;
		};
		7D1253A022ACB1E400C6F5D6 /* Build configuration list for PBXNativeTarget "PhotoEditorUITests" */ = {
			isa = XCConfigurationList;
			buildConfigurations = (
				7D1253A122ACB1E400C6F5D6 /* Debug */,
				7D1253A222ACB1E400C6F5D6 /* Release */,
			);
			defaultConfigurationIsVisible = 0;
			defaultConfigurationName = Release;
		};
/* End XCConfigurationList section */
	};
	rootObject = 7D12536622ACB1E300C6F5D6 /* Project object */;
}
